// !$*UTF8*$!
{
	archiveVersion = 1;
	classes = {
	};
	objectVersion = 55;
	objects = {

/* Begin PBXBuildFile section */
		3A4E481E3165A4B141732718 /* Pods_TrainningCourse.framework in Frameworks */ = {isa = PBXBuildFile; fileRef = C65F911BFF424D9660522D86 /* Pods_TrainningCourse.framework */; };
		84795B48285ACDA9006AA068 /* AppDelegate.swift in Sources */ = {isa = PBXBuildFile; fileRef = 84795B47285ACDA9006AA068 /* AppDelegate.swift */; };
		84795B4A285ACDA9006AA068 /* SceneDelegate.swift in Sources */ = {isa = PBXBuildFile; fileRef = 84795B49285ACDA9006AA068 /* SceneDelegate.swift */; };
		84795B4C285ACDA9006AA068 /* ViewController.swift in Sources */ = {isa = PBXBuildFile; fileRef = 84795B4B285ACDA9006AA068 /* ViewController.swift */; };
		84795B4F285ACDA9006AA068 /* Main.storyboard in Resources */ = {isa = PBXBuildFile; fileRef = 84795B4D285ACDA9006AA068 /* Main.storyboard */; };
		84795B51285ACDAA006AA068 /* Assets.xcassets in Resources */ = {isa = PBXBuildFile; fileRef = 84795B50285ACDAA006AA068 /* Assets.xcassets */; };
		84795B54285ACDAA006AA068 /* LaunchScreen.storyboard in Resources */ = {isa = PBXBuildFile; fileRef = 84795B52285ACDAA006AA068 /* LaunchScreen.storyboard */; };
		84795B5F285ACDAA006AA068 /* TrainningCourseTests.swift in Sources */ = {isa = PBXBuildFile; fileRef = 84795B5E285ACDAA006AA068 /* TrainningCourseTests.swift */; };
		84795B69285ACDAA006AA068 /* TrainningCourseUITests.swift in Sources */ = {isa = PBXBuildFile; fileRef = 84795B68285ACDAA006AA068 /* TrainningCourseUITests.swift */; };
		84795B6B285ACDAA006AA068 /* TrainningCourseUITestsLaunchTests.swift in Sources */ = {isa = PBXBuildFile; fileRef = 84795B6A285ACDAA006AA068 /* TrainningCourseUITestsLaunchTests.swift */; };
		84795B7E285AD989006AA068 /* SignUpVC.storyboard in Resources */ = {isa = PBXBuildFile; fileRef = 84795B7D285AD989006AA068 /* SignUpVC.storyboard */; };
		84795B82285AE483006AA068 /* LoginVC.storyboard in Resources */ = {isa = PBXBuildFile; fileRef = 84795B81285AE483006AA068 /* LoginVC.storyboard */; };
		84795B84285AFF97006AA068 /* SignUpVC.swift in Sources */ = {isa = PBXBuildFile; fileRef = 84795B83285AFF97006AA068 /* SignUpVC.swift */; };
		84795B86285AFFA3006AA068 /* LoginVC.swift in Sources */ = {isa = PBXBuildFile; fileRef = 84795B85285AFFA3006AA068 /* LoginVC.swift */; };
		84795B89285B159B006AA068 /* BoardingCollectionViewCell.swift in Sources */ = {isa = PBXBuildFile; fileRef = 84795B87285B159B006AA068 /* BoardingCollectionViewCell.swift */; };
		84795B8A285B159B006AA068 /* BoardingCollectionViewCell.xib in Resources */ = {isa = PBXBuildFile; fileRef = 84795B88285B159B006AA068 /* BoardingCollectionViewCell.xib */; };
		84795B8E285B1DA0006AA068 /* ModelBoarding.swift in Sources */ = {isa = PBXBuildFile; fileRef = 84795B8D285B1DA0006AA068 /* ModelBoarding.swift */; };
		8E117AD6CCB0DF154D69B49D /* Pods_TrainningCourseTests.framework in Frameworks */ = {isa = PBXBuildFile; fileRef = 1C7EC47B73519D8B802D7FE1 /* Pods_TrainningCourseTests.framework */; };
		A5843CE02861984F00747E04 /* LoginWithPhone.swift in Sources */ = {isa = PBXBuildFile; fileRef = A5843CDE2861984F00747E04 /* LoginWithPhone.swift */; };
		A5843CE12861984F00747E04 /* LoginWithPhone.xib in Resources */ = {isa = PBXBuildFile; fileRef = A5843CDF2861984F00747E04 /* LoginWithPhone.xib */; };
		A5843CE428619F1B00747E04 /* PhoneCollectionViewCell.swift in Sources */ = {isa = PBXBuildFile; fileRef = A5843CE228619F1B00747E04 /* PhoneCollectionViewCell.swift */; };
		A5843CE528619F1B00747E04 /* PhoneCollectionViewCell.xib in Resources */ = {isa = PBXBuildFile; fileRef = A5843CE328619F1B00747E04 /* PhoneCollectionViewCell.xib */; };
		A599384A28605A9C00D6489C /* Success.swift in Sources */ = {isa = PBXBuildFile; fileRef = A599384828605A9C00D6489C /* Success.swift */; };
		A599384B28605A9C00D6489C /* Success.xib in Resources */ = {isa = PBXBuildFile; fileRef = A599384928605A9C00D6489C /* Success.xib */; };
		A5BAF3DC2862BC1A00A81519 /* GoogleService-Info.plist in Resources */ = {isa = PBXBuildFile; fileRef = A5BAF3DB2862BC1A00A81519 /* GoogleService-Info.plist */; };
		A5BAF3E42862EAB900A81519 /* VerifyPhone.swift in Sources */ = {isa = PBXBuildFile; fileRef = A5BAF3E22862EAB900A81519 /* VerifyPhone.swift */; };
		A5BAF3E52862EAB900A81519 /* VerifyPhone.xib in Resources */ = {isa = PBXBuildFile; fileRef = A5BAF3E32862EAB900A81519 /* VerifyPhone.xib */; };
		AA69FD6BA39651A3F2EEB030 /* Pods_TrainningCourse_TrainningCourseUITests.framework in Frameworks */ = {isa = PBXBuildFile; fileRef = A0ACD9C8E88A55E84060486B /* Pods_TrainningCourse_TrainningCourseUITests.framework */; };
		DA1E6ECE2865B329001889D0 /* MessageVC.storyboard in Resources */ = {isa = PBXBuildFile; fileRef = DA1E6ECD2865B329001889D0 /* MessageVC.storyboard */; };
		DA1E6ED02865B333001889D0 /* MessageVC.swift in Sources */ = {isa = PBXBuildFile; fileRef = DA1E6ECF2865B333001889D0 /* MessageVC.swift */; };
		DA1E6ED42865BB39001889D0 /* SearchVC.swift in Sources */ = {isa = PBXBuildFile; fileRef = DA1E6ED32865BB39001889D0 /* SearchVC.swift */; };
		DA1E6ED62865BB43001889D0 /* SearchVC.storyboard in Resources */ = {isa = PBXBuildFile; fileRef = DA1E6ED52865BB43001889D0 /* SearchVC.storyboard */; };
		DA1E6ED92865BFC4001889D0 /* SearchCollectionViewCell.swift in Sources */ = {isa = PBXBuildFile; fileRef = DA1E6ED72865BFC4001889D0 /* SearchCollectionViewCell.swift */; };
		DA1E6EDA2865BFC4001889D0 /* SearchCollectionViewCell.xib in Resources */ = {isa = PBXBuildFile; fileRef = DA1E6ED82865BFC4001889D0 /* SearchCollectionViewCell.xib */; };
		DA1E6EDE28694825001889D0 /* MyCourseVC.storyboard in Resources */ = {isa = PBXBuildFile; fileRef = DA1E6EDD28694825001889D0 /* MyCourseVC.storyboard */; };
		DA1E6EE028694839001889D0 /* MyCourseVC.swift in Sources */ = {isa = PBXBuildFile; fileRef = DA1E6EDF28694839001889D0 /* MyCourseVC.swift */; };
		DA2BA7DB286473BF00EC02BA /* AccountVC.swift in Sources */ = {isa = PBXBuildFile; fileRef = DA2BA7DA286473BF00EC02BA /* AccountVC.swift */; };
		DA2BA7DD286473CD00EC02BA /* AccountVC.storyboard in Resources */ = {isa = PBXBuildFile; fileRef = DA2BA7DC286473CD00EC02BA /* AccountVC.storyboard */; };
		DA3FF93F2869BA46005FD717 /* MultiSlider in Frameworks */ = {isa = PBXBuildFile; productRef = DA3FF93E2869BA46005FD717 /* MultiSlider */; };
		DA3FF941286A98D5005FD717 /* TestVC.storyboard in Resources */ = {isa = PBXBuildFile; fileRef = DA3FF940286A98D5005FD717 /* TestVC.storyboard */; };
		DA3FF943286A98E2005FD717 /* TestVC.swift in Sources */ = {isa = PBXBuildFile; fileRef = DA3FF942286A98E2005FD717 /* TestVC.swift */; };
		DAB80C912873ECF200AF9BFE /* MeetUpTBVC.swift in Sources */ = {isa = PBXBuildFile; fileRef = DAB80C902873ECF200AF9BFE /* MeetUpTBVC.swift */; };
		DAB80C932873F15E00AF9BFE /* TabBarController.swift in Sources */ = {isa = PBXBuildFile; fileRef = DAB80C922873F15E00AF9BFE /* TabBarController.swift */; };
		DABF52BD28641DD000546A18 /* HomeVC.swift in Sources */ = {isa = PBXBuildFile; fileRef = DABF52BC28641DD000546A18 /* HomeVC.swift */; };
		DABF52BF28641DE300546A18 /* HomeVC.storyboard in Resources */ = {isa = PBXBuildFile; fileRef = DABF52BE28641DE300546A18 /* HomeVC.storyboard */; };
		DABF52C12864234800546A18 /* Extention.swift in Sources */ = {isa = PBXBuildFile; fileRef = DABF52C02864234800546A18 /* Extention.swift */; };
		DABF52C628644D5700546A18 /* AdsCollectionViewCell.swift in Sources */ = {isa = PBXBuildFile; fileRef = DABF52C428644D5700546A18 /* AdsCollectionViewCell.swift */; };
		DABF52C728644D5700546A18 /* AdsCollectionViewCell.xib in Resources */ = {isa = PBXBuildFile; fileRef = DABF52C528644D5700546A18 /* AdsCollectionViewCell.xib */; };
		DAC722932865735200B57EE7 /* TabItem.swift in Sources */ = {isa = PBXBuildFile; fileRef = DAC722922865735200B57EE7 /* TabItem.swift */; };
		DAC72295286575B400B57EE7 /* BaseTabBarController.swift in Sources */ = {isa = PBXBuildFile; fileRef = DAC72294286575B400B57EE7 /* BaseTabBarController.swift */; };
		DAC722972865795600B57EE7 /* CustomTabBar.swift in Sources */ = {isa = PBXBuildFile; fileRef = DAC722962865795600B57EE7 /* CustomTabBar.swift */; };
		DAC722992865844D00B57EE7 /* CourseVC.swift in Sources */ = {isa = PBXBuildFile; fileRef = DAC722982865844D00B57EE7 /* CourseVC.swift */; };
		DAC7229E2865998D00B57EE7 /* CourseTableViewCell.swift in Sources */ = {isa = PBXBuildFile; fileRef = DAC7229C2865998D00B57EE7 /* CourseTableViewCell.swift */; };
		DAC7229F2865998D00B57EE7 /* CourseTableViewCell.xib in Resources */ = {isa = PBXBuildFile; fileRef = DAC7229D2865998D00B57EE7 /* CourseTableViewCell.xib */; };
		DAC722A128659D8000B57EE7 /* ModelCourse.swift in Sources */ = {isa = PBXBuildFile; fileRef = DAC722A028659D8000B57EE7 /* ModelCourse.swift */; };
		DAC722A72865A80900B57EE7 /* CourseVC.storyboard in Resources */ = {isa = PBXBuildFile; fileRef = DAC722A62865A80900B57EE7 /* CourseVC.storyboard */; };
/* End PBXBuildFile section */

/* Begin PBXContainerItemProxy section */
		84795B5B285ACDAA006AA068 /* PBXContainerItemProxy */ = {
			isa = PBXContainerItemProxy;
			containerPortal = 84795B3C285ACDA9006AA068 /* Project object */;
			proxyType = 1;
			remoteGlobalIDString = 84795B43285ACDA9006AA068;
			remoteInfo = TrainningCourse;
		};
		84795B65285ACDAA006AA068 /* PBXContainerItemProxy */ = {
			isa = PBXContainerItemProxy;
			containerPortal = 84795B3C285ACDA9006AA068 /* Project object */;
			proxyType = 1;
			remoteGlobalIDString = 84795B43285ACDA9006AA068;
			remoteInfo = TrainningCourse;
		};
/* End PBXContainerItemProxy section */

/* Begin PBXFileReference section */
		11DA323A0D1A6BBE57E4B223 /* Pods-TrainningCourseTests.release.xcconfig */ = {isa = PBXFileReference; includeInIndex = 1; lastKnownFileType = text.xcconfig; name = "Pods-TrainningCourseTests.release.xcconfig"; path = "Target Support Files/Pods-TrainningCourseTests/Pods-TrainningCourseTests.release.xcconfig"; sourceTree = "<group>"; };
		1C7EC47B73519D8B802D7FE1 /* Pods_TrainningCourseTests.framework */ = {isa = PBXFileReference; explicitFileType = wrapper.framework; includeInIndex = 0; path = Pods_TrainningCourseTests.framework; sourceTree = BUILT_PRODUCTS_DIR; };
		26173C5073613628355E1CBC /* Pods-TrainningCourse-TrainningCourseUITests.release.xcconfig */ = {isa = PBXFileReference; includeInIndex = 1; lastKnownFileType = text.xcconfig; name = "Pods-TrainningCourse-TrainningCourseUITests.release.xcconfig"; path = "Target Support Files/Pods-TrainningCourse-TrainningCourseUITests/Pods-TrainningCourse-TrainningCourseUITests.release.xcconfig"; sourceTree = "<group>"; };
		2AABC59D23ACD679FE94B1A2 /* Pods-TrainningCourse.debug.xcconfig */ = {isa = PBXFileReference; includeInIndex = 1; lastKnownFileType = text.xcconfig; name = "Pods-TrainningCourse.debug.xcconfig"; path = "Target Support Files/Pods-TrainningCourse/Pods-TrainningCourse.debug.xcconfig"; sourceTree = "<group>"; };
		65B28BF00781BD45F1D7DCD7 /* Pods-TrainningCourseTests.debug.xcconfig */ = {isa = PBXFileReference; includeInIndex = 1; lastKnownFileType = text.xcconfig; name = "Pods-TrainningCourseTests.debug.xcconfig"; path = "Target Support Files/Pods-TrainningCourseTests/Pods-TrainningCourseTests.debug.xcconfig"; sourceTree = "<group>"; };
		6723BB9B5489995FD605AF27 /* Pods-TrainningCourse-TrainningCourseUITests.debug.xcconfig */ = {isa = PBXFileReference; includeInIndex = 1; lastKnownFileType = text.xcconfig; name = "Pods-TrainningCourse-TrainningCourseUITests.debug.xcconfig"; path = "Target Support Files/Pods-TrainningCourse-TrainningCourseUITests/Pods-TrainningCourse-TrainningCourseUITests.debug.xcconfig"; sourceTree = "<group>"; };
		84795B44285ACDA9006AA068 /* TrainningCourse.app */ = {isa = PBXFileReference; explicitFileType = wrapper.application; includeInIndex = 0; path = TrainningCourse.app; sourceTree = BUILT_PRODUCTS_DIR; };
		84795B47285ACDA9006AA068 /* AppDelegate.swift */ = {isa = PBXFileReference; lastKnownFileType = sourcecode.swift; path = AppDelegate.swift; sourceTree = "<group>"; };
		84795B49285ACDA9006AA068 /* SceneDelegate.swift */ = {isa = PBXFileReference; lastKnownFileType = sourcecode.swift; path = SceneDelegate.swift; sourceTree = "<group>"; };
		84795B4B285ACDA9006AA068 /* ViewController.swift */ = {isa = PBXFileReference; lastKnownFileType = sourcecode.swift; path = ViewController.swift; sourceTree = "<group>"; };
		84795B4E285ACDA9006AA068 /* Base */ = {isa = PBXFileReference; lastKnownFileType = file.storyboard; name = Base; path = Base.lproj/Main.storyboard; sourceTree = "<group>"; };
		84795B50285ACDAA006AA068 /* Assets.xcassets */ = {isa = PBXFileReference; lastKnownFileType = folder.assetcatalog; path = Assets.xcassets; sourceTree = "<group>"; };
		84795B53285ACDAA006AA068 /* Base */ = {isa = PBXFileReference; lastKnownFileType = file.storyboard; name = Base; path = Base.lproj/LaunchScreen.storyboard; sourceTree = "<group>"; };
		84795B55285ACDAA006AA068 /* Info.plist */ = {isa = PBXFileReference; lastKnownFileType = text.plist.xml; path = Info.plist; sourceTree = "<group>"; };
		84795B5A285ACDAA006AA068 /* TrainningCourseTests.xctest */ = {isa = PBXFileReference; explicitFileType = wrapper.cfbundle; includeInIndex = 0; path = TrainningCourseTests.xctest; sourceTree = BUILT_PRODUCTS_DIR; };
		84795B5E285ACDAA006AA068 /* TrainningCourseTests.swift */ = {isa = PBXFileReference; lastKnownFileType = sourcecode.swift; path = TrainningCourseTests.swift; sourceTree = "<group>"; };
		84795B64285ACDAA006AA068 /* TrainningCourseUITests.xctest */ = {isa = PBXFileReference; explicitFileType = wrapper.cfbundle; includeInIndex = 0; path = TrainningCourseUITests.xctest; sourceTree = BUILT_PRODUCTS_DIR; };
		84795B68285ACDAA006AA068 /* TrainningCourseUITests.swift */ = {isa = PBXFileReference; lastKnownFileType = sourcecode.swift; path = TrainningCourseUITests.swift; sourceTree = "<group>"; };
		84795B6A285ACDAA006AA068 /* TrainningCourseUITestsLaunchTests.swift */ = {isa = PBXFileReference; lastKnownFileType = sourcecode.swift; path = TrainningCourseUITestsLaunchTests.swift; sourceTree = "<group>"; };
		84795B7D285AD989006AA068 /* SignUpVC.storyboard */ = {isa = PBXFileReference; lastKnownFileType = file.storyboard; path = SignUpVC.storyboard; sourceTree = "<group>"; };
		84795B81285AE483006AA068 /* LoginVC.storyboard */ = {isa = PBXFileReference; lastKnownFileType = file.storyboard; path = LoginVC.storyboard; sourceTree = "<group>"; };
		84795B83285AFF97006AA068 /* SignUpVC.swift */ = {isa = PBXFileReference; lastKnownFileType = sourcecode.swift; path = SignUpVC.swift; sourceTree = "<group>"; };
		84795B85285AFFA3006AA068 /* LoginVC.swift */ = {isa = PBXFileReference; lastKnownFileType = sourcecode.swift; path = LoginVC.swift; sourceTree = "<group>"; };
		84795B87285B159B006AA068 /* BoardingCollectionViewCell.swift */ = {isa = PBXFileReference; lastKnownFileType = sourcecode.swift; path = BoardingCollectionViewCell.swift; sourceTree = "<group>"; };
		84795B88285B159B006AA068 /* BoardingCollectionViewCell.xib */ = {isa = PBXFileReference; lastKnownFileType = file.xib; path = BoardingCollectionViewCell.xib; sourceTree = "<group>"; };
		84795B8D285B1DA0006AA068 /* ModelBoarding.swift */ = {isa = PBXFileReference; lastKnownFileType = sourcecode.swift; path = ModelBoarding.swift; sourceTree = "<group>"; };
		A0ACD9C8E88A55E84060486B /* Pods_TrainningCourse_TrainningCourseUITests.framework */ = {isa = PBXFileReference; explicitFileType = wrapper.framework; includeInIndex = 0; path = Pods_TrainningCourse_TrainningCourseUITests.framework; sourceTree = BUILT_PRODUCTS_DIR; };
		A5843CDD28617BD000747E04 /* TrainningCourse.entitlements */ = {isa = PBXFileReference; lastKnownFileType = text.plist.entitlements; path = TrainningCourse.entitlements; sourceTree = "<group>"; };
		A5843CDE2861984F00747E04 /* LoginWithPhone.swift */ = {isa = PBXFileReference; lastKnownFileType = sourcecode.swift; path = LoginWithPhone.swift; sourceTree = "<group>"; };
		A5843CDF2861984F00747E04 /* LoginWithPhone.xib */ = {isa = PBXFileReference; lastKnownFileType = file.xib; path = LoginWithPhone.xib; sourceTree = "<group>"; };
		A5843CE228619F1B00747E04 /* PhoneCollectionViewCell.swift */ = {isa = PBXFileReference; lastKnownFileType = sourcecode.swift; path = PhoneCollectionViewCell.swift; sourceTree = "<group>"; };
		A5843CE328619F1B00747E04 /* PhoneCollectionViewCell.xib */ = {isa = PBXFileReference; lastKnownFileType = file.xib; path = PhoneCollectionViewCell.xib; sourceTree = "<group>"; };
		A599384828605A9C00D6489C /* Success.swift */ = {isa = PBXFileReference; lastKnownFileType = sourcecode.swift; path = Success.swift; sourceTree = "<group>"; };
		A599384928605A9C00D6489C /* Success.xib */ = {isa = PBXFileReference; lastKnownFileType = file.xib; path = Success.xib; sourceTree = "<group>"; };
		A5BAF3DB2862BC1A00A81519 /* GoogleService-Info.plist */ = {isa = PBXFileReference; fileEncoding = 4; lastKnownFileType = text.plist.xml; path = "GoogleService-Info.plist"; sourceTree = "<group>"; };
		A5BAF3E22862EAB900A81519 /* VerifyPhone.swift */ = {isa = PBXFileReference; lastKnownFileType = sourcecode.swift; path = VerifyPhone.swift; sourceTree = "<group>"; };
		A5BAF3E32862EAB900A81519 /* VerifyPhone.xib */ = {isa = PBXFileReference; lastKnownFileType = file.xib; path = VerifyPhone.xib; sourceTree = "<group>"; };
		C65F911BFF424D9660522D86 /* Pods_TrainningCourse.framework */ = {isa = PBXFileReference; explicitFileType = wrapper.framework; includeInIndex = 0; path = Pods_TrainningCourse.framework; sourceTree = BUILT_PRODUCTS_DIR; };
		CA1E5F41AB5DA936702120AF /* Pods-TrainningCourse.release.xcconfig */ = {isa = PBXFileReference; includeInIndex = 1; lastKnownFileType = text.xcconfig; name = "Pods-TrainningCourse.release.xcconfig"; path = "Target Support Files/Pods-TrainningCourse/Pods-TrainningCourse.release.xcconfig"; sourceTree = "<group>"; };
		DA1E6ECD2865B329001889D0 /* MessageVC.storyboard */ = {isa = PBXFileReference; lastKnownFileType = file.storyboard; path = MessageVC.storyboard; sourceTree = "<group>"; };
		DA1E6ECF2865B333001889D0 /* MessageVC.swift */ = {isa = PBXFileReference; lastKnownFileType = sourcecode.swift; path = MessageVC.swift; sourceTree = "<group>"; };
		DA1E6ED32865BB39001889D0 /* SearchVC.swift */ = {isa = PBXFileReference; lastKnownFileType = sourcecode.swift; path = SearchVC.swift; sourceTree = "<group>"; };
		DA1E6ED52865BB43001889D0 /* SearchVC.storyboard */ = {isa = PBXFileReference; lastKnownFileType = file.storyboard; path = SearchVC.storyboard; sourceTree = "<group>"; };
		DA1E6ED72865BFC4001889D0 /* SearchCollectionViewCell.swift */ = {isa = PBXFileReference; lastKnownFileType = sourcecode.swift; path = SearchCollectionViewCell.swift; sourceTree = "<group>"; };
		DA1E6ED82865BFC4001889D0 /* SearchCollectionViewCell.xib */ = {isa = PBXFileReference; lastKnownFileType = file.xib; path = SearchCollectionViewCell.xib; sourceTree = "<group>"; };
		DA1E6EDD28694825001889D0 /* MyCourseVC.storyboard */ = {isa = PBXFileReference; lastKnownFileType = file.storyboard; path = MyCourseVC.storyboard; sourceTree = "<group>"; };
		DA1E6EDF28694839001889D0 /* MyCourseVC.swift */ = {isa = PBXFileReference; lastKnownFileType = sourcecode.swift; path = MyCourseVC.swift; sourceTree = "<group>"; };
		DA2BA7DA286473BF00EC02BA /* AccountVC.swift */ = {isa = PBXFileReference; lastKnownFileType = sourcecode.swift; path = AccountVC.swift; sourceTree = "<group>"; };
		DA2BA7DC286473CD00EC02BA /* AccountVC.storyboard */ = {isa = PBXFileReference; lastKnownFileType = file.storyboard; path = AccountVC.storyboard; sourceTree = "<group>"; };
		DA3FF940286A98D5005FD717 /* TestVC.storyboard */ = {isa = PBXFileReference; lastKnownFileType = file.storyboard; path = TestVC.storyboard; sourceTree = "<group>"; };
		DA3FF942286A98E2005FD717 /* TestVC.swift */ = {isa = PBXFileReference; lastKnownFileType = sourcecode.swift; path = TestVC.swift; sourceTree = "<group>"; };
		DAB80C902873ECF200AF9BFE /* MeetUpTBVC.swift */ = {isa = PBXFileReference; lastKnownFileType = sourcecode.swift; path = MeetUpTBVC.swift; sourceTree = "<group>"; };
		DAB80C922873F15E00AF9BFE /* TabBarController.swift */ = {isa = PBXFileReference; lastKnownFileType = sourcecode.swift; path = TabBarController.swift; sourceTree = "<group>"; };
		DABF52BC28641DD000546A18 /* HomeVC.swift */ = {isa = PBXFileReference; lastKnownFileType = sourcecode.swift; path = HomeVC.swift; sourceTree = "<group>"; };
		DABF52BE28641DE300546A18 /* HomeVC.storyboard */ = {isa = PBXFileReference; lastKnownFileType = file.storyboard; path = HomeVC.storyboard; sourceTree = "<group>"; };
		DABF52C02864234800546A18 /* Extention.swift */ = {isa = PBXFileReference; lastKnownFileType = sourcecode.swift; path = Extention.swift; sourceTree = "<group>"; };
		DABF52C428644D5700546A18 /* AdsCollectionViewCell.swift */ = {isa = PBXFileReference; lastKnownFileType = sourcecode.swift; path = AdsCollectionViewCell.swift; sourceTree = "<group>"; };
		DABF52C528644D5700546A18 /* AdsCollectionViewCell.xib */ = {isa = PBXFileReference; lastKnownFileType = file.xib; path = AdsCollectionViewCell.xib; sourceTree = "<group>"; };
		DAC722922865735200B57EE7 /* TabItem.swift */ = {isa = PBXFileReference; lastKnownFileType = sourcecode.swift; path = TabItem.swift; sourceTree = "<group>"; };
		DAC72294286575B400B57EE7 /* BaseTabBarController.swift */ = {isa = PBXFileReference; lastKnownFileType = sourcecode.swift; path = BaseTabBarController.swift; sourceTree = "<group>"; };
		DAC722962865795600B57EE7 /* CustomTabBar.swift */ = {isa = PBXFileReference; lastKnownFileType = sourcecode.swift; path = CustomTabBar.swift; sourceTree = "<group>"; };
		DAC722982865844D00B57EE7 /* CourseVC.swift */ = {isa = PBXFileReference; lastKnownFileType = sourcecode.swift; path = CourseVC.swift; sourceTree = "<group>"; };
		DAC7229C2865998D00B57EE7 /* CourseTableViewCell.swift */ = {isa = PBXFileReference; lastKnownFileType = sourcecode.swift; path = CourseTableViewCell.swift; sourceTree = "<group>"; };
		DAC7229D2865998D00B57EE7 /* CourseTableViewCell.xib */ = {isa = PBXFileReference; lastKnownFileType = file.xib; path = CourseTableViewCell.xib; sourceTree = "<group>"; };
		DAC722A028659D8000B57EE7 /* ModelCourse.swift */ = {isa = PBXFileReference; lastKnownFileType = sourcecode.swift; path = ModelCourse.swift; sourceTree = "<group>"; };
		DAC722A62865A80900B57EE7 /* CourseVC.storyboard */ = {isa = PBXFileReference; fileEncoding = 4; lastKnownFileType = file.storyboard; path = CourseVC.storyboard; sourceTree = "<group>"; };
/* End PBXFileReference section */

/* Begin PBXFrameworksBuildPhase section */
		84795B41285ACDA9006AA068 /* Frameworks */ = {
			isa = PBXFrameworksBuildPhase;
			buildActionMask = 2147483647;
			files = (
				3A4E481E3165A4B141732718 /* Pods_TrainningCourse.framework in Frameworks */,
				DA3FF93F2869BA46005FD717 /* MultiSlider in Frameworks */,
			);
			runOnlyForDeploymentPostprocessing = 0;
		};
		84795B57285ACDAA006AA068 /* Frameworks */ = {
			isa = PBXFrameworksBuildPhase;
			buildActionMask = 2147483647;
			files = (
				8E117AD6CCB0DF154D69B49D /* Pods_TrainningCourseTests.framework in Frameworks */,
			);
			runOnlyForDeploymentPostprocessing = 0;
		};
		84795B61285ACDAA006AA068 /* Frameworks */ = {
			isa = PBXFrameworksBuildPhase;
			buildActionMask = 2147483647;
			files = (
				AA69FD6BA39651A3F2EEB030 /* Pods_TrainningCourse_TrainningCourseUITests.framework in Frameworks */,
			);
			runOnlyForDeploymentPostprocessing = 0;
		};
/* End PBXFrameworksBuildPhase section */

/* Begin PBXGroup section */
		76C26CA669616082E976B4CE /* Pods */ = {
			isa = PBXGroup;
			children = (
				2AABC59D23ACD679FE94B1A2 /* Pods-TrainningCourse.debug.xcconfig */,
				CA1E5F41AB5DA936702120AF /* Pods-TrainningCourse.release.xcconfig */,
				6723BB9B5489995FD605AF27 /* Pods-TrainningCourse-TrainningCourseUITests.debug.xcconfig */,
				26173C5073613628355E1CBC /* Pods-TrainningCourse-TrainningCourseUITests.release.xcconfig */,
				65B28BF00781BD45F1D7DCD7 /* Pods-TrainningCourseTests.debug.xcconfig */,
				11DA323A0D1A6BBE57E4B223 /* Pods-TrainningCourseTests.release.xcconfig */,
			);
			path = Pods;
			sourceTree = "<group>";
		};
		84795B3B285ACDA9006AA068 = {
			isa = PBXGroup;
			children = (
				DA3FF942286A98E2005FD717 /* TestVC.swift */,
				DA3FF940286A98D5005FD717 /* TestVC.storyboard */,
				DAC722922865735200B57EE7 /* TabItem.swift */,
				DAC72294286575B400B57EE7 /* BaseTabBarController.swift */,
				DAC722962865795600B57EE7 /* CustomTabBar.swift */,
				A5BAF3DB2862BC1A00A81519 /* GoogleService-Info.plist */,
				84795B46285ACDA9006AA068 /* TrainningCourse */,
				84795B5D285ACDAA006AA068 /* TrainningCourseTests */,
				84795B67285ACDAA006AA068 /* TrainningCourseUITests */,
				84795B45285ACDA9006AA068 /* Products */,
				76C26CA669616082E976B4CE /* Pods */,
				88FFB5D7149DE8CD6ACEAB22 /* Frameworks */,
			);
			sourceTree = "<group>";
		};
		84795B45285ACDA9006AA068 /* Products */ = {
			isa = PBXGroup;
			children = (
				84795B44285ACDA9006AA068 /* TrainningCourse.app */,
				84795B5A285ACDAA006AA068 /* TrainningCourseTests.xctest */,
				84795B64285ACDAA006AA068 /* TrainningCourseUITests.xctest */,
			);
			name = Products;
			sourceTree = "<group>";
		};
		84795B46285ACDA9006AA068 /* TrainningCourse */ = {
			isa = PBXGroup;
			children = (
				DAB80C922873F15E00AF9BFE /* TabBarController.swift */,
				DACE3AF8286E877000DF49F7 /* Extension */,
				A5843CDD28617BD000747E04 /* TrainningCourse.entitlements */,
				A5843CE62861CD6B00747E04 /* Delegate */,
				A5843CE72861CD8E00747E04 /* Main */,
				A599384728605A0E00D6489C /* Boarding */,
				84795B8B285B182C006AA068 /* SignUp */,
				84795B8C285B1843006AA068 /* Login */,
				A599385028615BBB00D6489C /* Home */,
				DAC7229B2865995600B57EE7 /* Course */,
				DA1E6ED22865BB23001889D0 /* Search */,
				DA1E6ED12865B33A001889D0 /* Message */,
				DAC7229A2865994700B57EE7 /* Account */,
				DA1E6EE128694E64001889D0 /* MyCourse */,
				84795B50285ACDAA006AA068 /* Assets.xcassets */,
				84795B52285ACDAA006AA068 /* LaunchScreen.storyboard */,
				84795B55285ACDAA006AA068 /* Info.plist */,
			);
			path = TrainningCourse;
			sourceTree = "<group>";
		};
		84795B5D285ACDAA006AA068 /* TrainningCourseTests */ = {
			isa = PBXGroup;
			children = (
				84795B5E285ACDAA006AA068 /* TrainningCourseTests.swift */,
			);
			path = TrainningCourseTests;
			sourceTree = "<group>";
		};
		84795B67285ACDAA006AA068 /* TrainningCourseUITests */ = {
			isa = PBXGroup;
			children = (
				84795B68285ACDAA006AA068 /* TrainningCourseUITests.swift */,
				84795B6A285ACDAA006AA068 /* TrainningCourseUITestsLaunchTests.swift */,
			);
			path = TrainningCourseUITests;
			sourceTree = "<group>";
		};
		84795B8B285B182C006AA068 /* SignUp */ = {
			isa = PBXGroup;
			children = (
				84795B83285AFF97006AA068 /* SignUpVC.swift */,
				84795B7D285AD989006AA068 /* SignUpVC.storyboard */,
				A599384828605A9C00D6489C /* Success.swift */,
				A599384928605A9C00D6489C /* Success.xib */,
			);
			path = SignUp;
			sourceTree = "<group>";
		};
		84795B8C285B1843006AA068 /* Login */ = {
			isa = PBXGroup;
			children = (
				A5843CE82861CDA200747E04 /* WithPhone */,
				84795B85285AFFA3006AA068 /* LoginVC.swift */,
				84795B81285AE483006AA068 /* LoginVC.storyboard */,
			);
			path = Login;
			sourceTree = "<group>";
		};
		88FFB5D7149DE8CD6ACEAB22 /* Frameworks */ = {
			isa = PBXGroup;
			children = (
				C65F911BFF424D9660522D86 /* Pods_TrainningCourse.framework */,
				A0ACD9C8E88A55E84060486B /* Pods_TrainningCourse_TrainningCourseUITests.framework */,
				1C7EC47B73519D8B802D7FE1 /* Pods_TrainningCourseTests.framework */,
			);
			name = Frameworks;
			sourceTree = "<group>";
		};
		A5843CE62861CD6B00747E04 /* Delegate */ = {
			isa = PBXGroup;
			children = (
				84795B47285ACDA9006AA068 /* AppDelegate.swift */,
				84795B49285ACDA9006AA068 /* SceneDelegate.swift */,
			);
			path = Delegate;
			sourceTree = "<group>";
		};
		A5843CE72861CD8E00747E04 /* Main */ = {
			isa = PBXGroup;
			children = (
				84795B4B285ACDA9006AA068 /* ViewController.swift */,
				84795B4D285ACDA9006AA068 /* Main.storyboard */,
			);
			path = Main;
			sourceTree = "<group>";
		};
		A5843CE82861CDA200747E04 /* WithPhone */ = {
			isa = PBXGroup;
			children = (
				A5843CDE2861984F00747E04 /* LoginWithPhone.swift */,
				A5843CDF2861984F00747E04 /* LoginWithPhone.xib */,
				A5BAF3E22862EAB900A81519 /* VerifyPhone.swift */,
				A5BAF3E32862EAB900A81519 /* VerifyPhone.xib */,
				A5843CE228619F1B00747E04 /* PhoneCollectionViewCell.swift */,
				A5843CE328619F1B00747E04 /* PhoneCollectionViewCell.xib */,
			);
			path = WithPhone;
			sourceTree = "<group>";
		};
		A599384728605A0E00D6489C /* Boarding */ = {
			isa = PBXGroup;
			children = (
				84795B87285B159B006AA068 /* BoardingCollectionViewCell.swift */,
				84795B88285B159B006AA068 /* BoardingCollectionViewCell.xib */,
				84795B8D285B1DA0006AA068 /* ModelBoarding.swift */,
			);
			path = Boarding;
			sourceTree = "<group>";
		};
		A599385028615BBB00D6489C /* Home */ = {
			isa = PBXGroup;
			children = (
				DABF52BC28641DD000546A18 /* HomeVC.swift */,
				DABF52BE28641DE300546A18 /* HomeVC.storyboard */,
				DAB80C902873ECF200AF9BFE /* MeetUpTBVC.swift */,
				DABF52C428644D5700546A18 /* AdsCollectionViewCell.swift */,
				DABF52C528644D5700546A18 /* AdsCollectionViewCell.xib */,
			);
			path = Home;
			sourceTree = "<group>";
		};
		DA1E6ED12865B33A001889D0 /* Message */ = {
			isa = PBXGroup;
			children = (
				DA1E6ECF2865B333001889D0 /* MessageVC.swift */,
				DA1E6ECD2865B329001889D0 /* MessageVC.storyboard */,
			);
			path = Message;
			sourceTree = "<group>";
		};
		DA1E6ED22865BB23001889D0 /* Search */ = {
			isa = PBXGroup;
			children = (
				DA1E6ED32865BB39001889D0 /* SearchVC.swift */,
				DA1E6ED52865BB43001889D0 /* SearchVC.storyboard */,
				DA1E6ED72865BFC4001889D0 /* SearchCollectionViewCell.swift */,
				DA1E6ED82865BFC4001889D0 /* SearchCollectionViewCell.xib */,
			);
			path = Search;
			sourceTree = "<group>";
		};
		DA1E6EE128694E64001889D0 /* MyCourse */ = {
			isa = PBXGroup;
			children = (
				DA1E6EDF28694839001889D0 /* MyCourseVC.swift */,
				DA1E6EDD28694825001889D0 /* MyCourseVC.storyboard */,
			);
			path = MyCourse;
			sourceTree = "<group>";
		};
		DAC7229A2865994700B57EE7 /* Account */ = {
			isa = PBXGroup;
			children = (
				DA2BA7DA286473BF00EC02BA /* AccountVC.swift */,
				DA2BA7DC286473CD00EC02BA /* AccountVC.storyboard */,
			);
			path = Account;
			sourceTree = "<group>";
		};
		DAC7229B2865995600B57EE7 /* Course */ = {
			isa = PBXGroup;
			children = (
				DAC722982865844D00B57EE7 /* CourseVC.swift */,
				DAC722A62865A80900B57EE7 /* CourseVC.storyboard */,
				DAC7229C2865998D00B57EE7 /* CourseTableViewCell.swift */,
				DAC7229D2865998D00B57EE7 /* CourseTableViewCell.xib */,
				DAC722A028659D8000B57EE7 /* ModelCourse.swift */,
			);
			path = Course;
			sourceTree = "<group>";
		};
		DACE3AF8286E877000DF49F7 /* Extension */ = {
			isa = PBXGroup;
			children = (
				DABF52C02864234800546A18 /* Extention.swift */,
			);
			path = Extension;
			sourceTree = "<group>";
		};
/* End PBXGroup section */

/* Begin PBXNativeTarget section */
		84795B43285ACDA9006AA068 /* TrainningCourse */ = {
			isa = PBXNativeTarget;
			buildConfigurationList = 84795B6E285ACDAA006AA068 /* Build configuration list for PBXNativeTarget "TrainningCourse" */;
			buildPhases = (
				D8D0182953F177EE168644A9 /* [CP] Check Pods Manifest.lock */,
				84795B40285ACDA9006AA068 /* Sources */,
				84795B41285ACDA9006AA068 /* Frameworks */,
				84795B42285ACDA9006AA068 /* Resources */,
				28E45D858FE7A1B2C70300FB /* [CP] Embed Pods Frameworks */,
			);
			buildRules = (
			);
			dependencies = (
			);
			name = TrainningCourse;
			packageProductDependencies = (
				DA3FF93E2869BA46005FD717 /* MultiSlider */,
			);
			productName = TrainningCourse;
			productReference = 84795B44285ACDA9006AA068 /* TrainningCourse.app */;
			productType = "com.apple.product-type.application";
		};
		84795B59285ACDAA006AA068 /* TrainningCourseTests */ = {
			isa = PBXNativeTarget;
			buildConfigurationList = 84795B71285ACDAA006AA068 /* Build configuration list for PBXNativeTarget "TrainningCourseTests" */;
			buildPhases = (
				789DA1855C1D79F5E533DB4F /* [CP] Check Pods Manifest.lock */,
				84795B56285ACDAA006AA068 /* Sources */,
				84795B57285ACDAA006AA068 /* Frameworks */,
				84795B58285ACDAA006AA068 /* Resources */,
			);
			buildRules = (
			);
			dependencies = (
				84795B5C285ACDAA006AA068 /* PBXTargetDependency */,
			);
			name = TrainningCourseTests;
			productName = TrainningCourseTests;
			productReference = 84795B5A285ACDAA006AA068 /* TrainningCourseTests.xctest */;
			productType = "com.apple.product-type.bundle.unit-test";
		};
		84795B63285ACDAA006AA068 /* TrainningCourseUITests */ = {
			isa = PBXNativeTarget;
			buildConfigurationList = 84795B74285ACDAA006AA068 /* Build configuration list for PBXNativeTarget "TrainningCourseUITests" */;
			buildPhases = (
				D901FB92FDD7346A967DD5C8 /* [CP] Check Pods Manifest.lock */,
				84795B60285ACDAA006AA068 /* Sources */,
				84795B61285ACDAA006AA068 /* Frameworks */,
				84795B62285ACDAA006AA068 /* Resources */,
				6A0404D36D8661361E840795 /* [CP] Embed Pods Frameworks */,
			);
			buildRules = (
			);
			dependencies = (
				84795B66285ACDAA006AA068 /* PBXTargetDependency */,
			);
			name = TrainningCourseUITests;
			productName = TrainningCourseUITests;
			productReference = 84795B64285ACDAA006AA068 /* TrainningCourseUITests.xctest */;
			productType = "com.apple.product-type.bundle.ui-testing";
		};
/* End PBXNativeTarget section */

/* Begin PBXProject section */
		84795B3C285ACDA9006AA068 /* Project object */ = {
			isa = PBXProject;
			attributes = {
				BuildIndependentTargetsInParallel = 1;
				LastSwiftUpdateCheck = 1310;
				LastUpgradeCheck = 1310;
				TargetAttributes = {
					84795B43285ACDA9006AA068 = {
						CreatedOnToolsVersion = 13.1;
					};
					84795B59285ACDAA006AA068 = {
						CreatedOnToolsVersion = 13.1;
						TestTargetID = 84795B43285ACDA9006AA068;
					};
					84795B63285ACDAA006AA068 = {
						CreatedOnToolsVersion = 13.1;
						TestTargetID = 84795B43285ACDA9006AA068;
					};
				};
			};
			buildConfigurationList = 84795B3F285ACDA9006AA068 /* Build configuration list for PBXProject "TrainningCourse" */;
			compatibilityVersion = "Xcode 13.0";
			developmentRegion = en;
			hasScannedForEncodings = 0;
			knownRegions = (
				en,
				Base,
			);
			mainGroup = 84795B3B285ACDA9006AA068;
			packageReferences = (
				DA3FF93D2869BA46005FD717 /* XCRemoteSwiftPackageReference "MultiSlider" */,
			);
			productRefGroup = 84795B45285ACDA9006AA068 /* Products */;
			projectDirPath = "";
			projectRoot = "";
			targets = (
				84795B43285ACDA9006AA068 /* TrainningCourse */,
				84795B59285ACDAA006AA068 /* TrainningCourseTests */,
				84795B63285ACDAA006AA068 /* TrainningCourseUITests */,
			);
		};
/* End PBXProject section */

/* Begin PBXResourcesBuildPhase section */
		84795B42285ACDA9006AA068 /* Resources */ = {
			isa = PBXResourcesBuildPhase;
			buildActionMask = 2147483647;
			files = (
				84795B54285ACDAA006AA068 /* LaunchScreen.storyboard in Resources */,
				A5843CE528619F1B00747E04 /* PhoneCollectionViewCell.xib in Resources */,
				DA3FF941286A98D5005FD717 /* TestVC.storyboard in Resources */,
				DAC722A72865A80900B57EE7 /* CourseVC.storyboard in Resources */,
				DABF52BF28641DE300546A18 /* HomeVC.storyboard in Resources */,
				DA1E6ED62865BB43001889D0 /* SearchVC.storyboard in Resources */,
				DA1E6EDE28694825001889D0 /* MyCourseVC.storyboard in Resources */,
				84795B51285ACDAA006AA068 /* Assets.xcassets in Resources */,
				84795B7E285AD989006AA068 /* SignUpVC.storyboard in Resources */,
				DABF52C728644D5700546A18 /* AdsCollectionViewCell.xib in Resources */,
				DA2BA7DD286473CD00EC02BA /* AccountVC.storyboard in Resources */,
				84795B4F285ACDA9006AA068 /* Main.storyboard in Resources */,
				A5BAF3DC2862BC1A00A81519 /* GoogleService-Info.plist in Resources */,
				DA1E6EDA2865BFC4001889D0 /* SearchCollectionViewCell.xib in Resources */,
				84795B8A285B159B006AA068 /* BoardingCollectionViewCell.xib in Resources */,
				A5843CE12861984F00747E04 /* LoginWithPhone.xib in Resources */,
				DAC7229F2865998D00B57EE7 /* CourseTableViewCell.xib in Resources */,
				A599384B28605A9C00D6489C /* Success.xib in Resources */,
				DA1E6ECE2865B329001889D0 /* MessageVC.storyboard in Resources */,
				A5BAF3E52862EAB900A81519 /* VerifyPhone.xib in Resources */,
				84795B82285AE483006AA068 /* LoginVC.storyboard in Resources */,
			);
			runOnlyForDeploymentPostprocessing = 0;
		};
		84795B58285ACDAA006AA068 /* Resources */ = {
			isa = PBXResourcesBuildPhase;
			buildActionMask = 2147483647;
			files = (
			);
			runOnlyForDeploymentPostprocessing = 0;
		};
		84795B62285ACDAA006AA068 /* Resources */ = {
			isa = PBXResourcesBuildPhase;
			buildActionMask = 2147483647;
			files = (
			);
			runOnlyForDeploymentPostprocessing = 0;
		};
/* End PBXResourcesBuildPhase section */

/* Begin PBXShellScriptBuildPhase section */
		28E45D858FE7A1B2C70300FB /* [CP] Embed Pods Frameworks */ = {
			isa = PBXShellScriptBuildPhase;
			buildActionMask = 2147483647;
			files = (
			);
			inputFileListPaths = (
				"${PODS_ROOT}/Target Support Files/Pods-TrainningCourse/Pods-TrainningCourse-frameworks-${CONFIGURATION}-input-files.xcfilelist",
			);
			name = "[CP] Embed Pods Frameworks";
			outputFileListPaths = (
				"${PODS_ROOT}/Target Support Files/Pods-TrainningCourse/Pods-TrainningCourse-frameworks-${CONFIGURATION}-output-files.xcfilelist",
			);
			runOnlyForDeploymentPostprocessing = 0;
			shellPath = /bin/sh;
			shellScript = "\"${PODS_ROOT}/Target Support Files/Pods-TrainningCourse/Pods-TrainningCourse-frameworks.sh\"\n";
			showEnvVarsInLog = 0;
		};
		6A0404D36D8661361E840795 /* [CP] Embed Pods Frameworks */ = {
			isa = PBXShellScriptBuildPhase;
			buildActionMask = 2147483647;
			files = (
			);
			inputFileListPaths = (
				"${PODS_ROOT}/Target Support Files/Pods-TrainningCourse-TrainningCourseUITests/Pods-TrainningCourse-TrainningCourseUITests-frameworks-${CONFIGURATION}-input-files.xcfilelist",
			);
			name = "[CP] Embed Pods Frameworks";
			outputFileListPaths = (
				"${PODS_ROOT}/Target Support Files/Pods-TrainningCourse-TrainningCourseUITests/Pods-TrainningCourse-TrainningCourseUITests-frameworks-${CONFIGURATION}-output-files.xcfilelist",
			);
			runOnlyForDeploymentPostprocessing = 0;
			shellPath = /bin/sh;
			shellScript = "\"${PODS_ROOT}/Target Support Files/Pods-TrainningCourse-TrainningCourseUITests/Pods-TrainningCourse-TrainningCourseUITests-frameworks.sh\"\n";
			showEnvVarsInLog = 0;
		};
		789DA1855C1D79F5E533DB4F /* [CP] Check Pods Manifest.lock */ = {
			isa = PBXShellScriptBuildPhase;
			buildActionMask = 2147483647;
			files = (
			);
			inputFileListPaths = (
			);
			inputPaths = (
				"${PODS_PODFILE_DIR_PATH}/Podfile.lock",
				"${PODS_ROOT}/Manifest.lock",
			);
			name = "[CP] Check Pods Manifest.lock";
			outputFileListPaths = (
			);
			outputPaths = (
				"$(DERIVED_FILE_DIR)/Pods-TrainningCourseTests-checkManifestLockResult.txt",
			);
			runOnlyForDeploymentPostprocessing = 0;
			shellPath = /bin/sh;
			shellScript = "diff \"${PODS_PODFILE_DIR_PATH}/Podfile.lock\" \"${PODS_ROOT}/Manifest.lock\" > /dev/null\nif [ $? != 0 ] ; then\n    # print error to STDERR\n    echo \"error: The sandbox is not in sync with the Podfile.lock. Run 'pod install' or update your CocoaPods installation.\" >&2\n    exit 1\nfi\n# This output is used by Xcode 'outputs' to avoid re-running this script phase.\necho \"SUCCESS\" > \"${SCRIPT_OUTPUT_FILE_0}\"\n";
			showEnvVarsInLog = 0;
		};
		D8D0182953F177EE168644A9 /* [CP] Check Pods Manifest.lock */ = {
			isa = PBXShellScriptBuildPhase;
			buildActionMask = 2147483647;
			files = (
			);
			inputFileListPaths = (
			);
			inputPaths = (
				"${PODS_PODFILE_DIR_PATH}/Podfile.lock",
				"${PODS_ROOT}/Manifest.lock",
			);
			name = "[CP] Check Pods Manifest.lock";
			outputFileListPaths = (
			);
			outputPaths = (
				"$(DERIVED_FILE_DIR)/Pods-TrainningCourse-checkManifestLockResult.txt",
			);
			runOnlyForDeploymentPostprocessing = 0;
			shellPath = /bin/sh;
			shellScript = "diff \"${PODS_PODFILE_DIR_PATH}/Podfile.lock\" \"${PODS_ROOT}/Manifest.lock\" > /dev/null\nif [ $? != 0 ] ; then\n    # print error to STDERR\n    echo \"error: The sandbox is not in sync with the Podfile.lock. Run 'pod install' or update your CocoaPods installation.\" >&2\n    exit 1\nfi\n# This output is used by Xcode 'outputs' to avoid re-running this script phase.\necho \"SUCCESS\" > \"${SCRIPT_OUTPUT_FILE_0}\"\n";
			showEnvVarsInLog = 0;
		};
		D901FB92FDD7346A967DD5C8 /* [CP] Check Pods Manifest.lock */ = {
			isa = PBXShellScriptBuildPhase;
			buildActionMask = 2147483647;
			files = (
			);
			inputFileListPaths = (
			);
			inputPaths = (
				"${PODS_PODFILE_DIR_PATH}/Podfile.lock",
				"${PODS_ROOT}/Manifest.lock",
			);
			name = "[CP] Check Pods Manifest.lock";
			outputFileListPaths = (
			);
			outputPaths = (
				"$(DERIVED_FILE_DIR)/Pods-TrainningCourse-TrainningCourseUITests-checkManifestLockResult.txt",
			);
			runOnlyForDeploymentPostprocessing = 0;
			shellPath = /bin/sh;
			shellScript = "diff \"${PODS_PODFILE_DIR_PATH}/Podfile.lock\" \"${PODS_ROOT}/Manifest.lock\" > /dev/null\nif [ $? != 0 ] ; then\n    # print error to STDERR\n    echo \"error: The sandbox is not in sync with the Podfile.lock. Run 'pod install' or update your CocoaPods installation.\" >&2\n    exit 1\nfi\n# This output is used by Xcode 'outputs' to avoid re-running this script phase.\necho \"SUCCESS\" > \"${SCRIPT_OUTPUT_FILE_0}\"\n";
			showEnvVarsInLog = 0;
		};
/* End PBXShellScriptBuildPhase section */

/* Begin PBXSourcesBuildPhase section */
		84795B40285ACDA9006AA068 /* Sources */ = {
			isa = PBXSourcesBuildPhase;
			buildActionMask = 2147483647;
			files = (
				84795B89285B159B006AA068 /* BoardingCollectionViewCell.swift in Sources */,
				A5BAF3E42862EAB900A81519 /* VerifyPhone.swift in Sources */,
				DAC722972865795600B57EE7 /* CustomTabBar.swift in Sources */,
				DAB80C932873F15E00AF9BFE /* TabBarController.swift in Sources */,
				DAB80C912873ECF200AF9BFE /* MeetUpTBVC.swift in Sources */,
				DAC72295286575B400B57EE7 /* BaseTabBarController.swift in Sources */,
				A599384A28605A9C00D6489C /* Success.swift in Sources */,
				84795B4C285ACDA9006AA068 /* ViewController.swift in Sources */,
				84795B86285AFFA3006AA068 /* LoginVC.swift in Sources */,
				DA2BA7DB286473BF00EC02BA /* AccountVC.swift in Sources */,
				DA1E6ED92865BFC4001889D0 /* SearchCollectionViewCell.swift in Sources */,
				DABF52C12864234800546A18 /* Extention.swift in Sources */,
				DABF52C628644D5700546A18 /* AdsCollectionViewCell.swift in Sources */,
				DABF52BD28641DD000546A18 /* HomeVC.swift in Sources */,
				DAC722992865844D00B57EE7 /* CourseVC.swift in Sources */,
				84795B84285AFF97006AA068 /* SignUpVC.swift in Sources */,
				84795B48285ACDA9006AA068 /* AppDelegate.swift in Sources */,
				DA3FF943286A98E2005FD717 /* TestVC.swift in Sources */,
				A5843CE02861984F00747E04 /* LoginWithPhone.swift in Sources */,
				DAC722A128659D8000B57EE7 /* ModelCourse.swift in Sources */,
				DA1E6ED02865B333001889D0 /* MessageVC.swift in Sources */,
				A5843CE428619F1B00747E04 /* PhoneCollectionViewCell.swift in Sources */,
				84795B4A285ACDA9006AA068 /* SceneDelegate.swift in Sources */,
				DAC722932865735200B57EE7 /* TabItem.swift in Sources */,
				DA1E6ED42865BB39001889D0 /* SearchVC.swift in Sources */,
				84795B8E285B1DA0006AA068 /* ModelBoarding.swift in Sources */,
				DA1E6EE028694839001889D0 /* MyCourseVC.swift in Sources */,
				DAC7229E2865998D00B57EE7 /* CourseTableViewCell.swift in Sources */,
			);
			runOnlyForDeploymentPostprocessing = 0;
		};
		84795B56285ACDAA006AA068 /* Sources */ = {
			isa = PBXSourcesBuildPhase;
			buildActionMask = 2147483647;
			files = (
				84795B5F285ACDAA006AA068 /* TrainningCourseTests.swift in Sources */,
			);
			runOnlyForDeploymentPostprocessing = 0;
		};
		84795B60285ACDAA006AA068 /* Sources */ = {
			isa = PBXSourcesBuildPhase;
			buildActionMask = 2147483647;
			files = (
				84795B6B285ACDAA006AA068 /* TrainningCourseUITestsLaunchTests.swift in Sources */,
				84795B69285ACDAA006AA068 /* TrainningCourseUITests.swift in Sources */,
			);
			runOnlyForDeploymentPostprocessing = 0;
		};
/* End PBXSourcesBuildPhase section */

/* Begin PBXTargetDependency section */
		84795B5C285ACDAA006AA068 /* PBXTargetDependency */ = {
			isa = PBXTargetDependency;
			target = 84795B43285ACDA9006AA068 /* TrainningCourse */;
			targetProxy = 84795B5B285ACDAA006AA068 /* PBXContainerItemProxy */;
		};
		84795B66285ACDAA006AA068 /* PBXTargetDependency */ = {
			isa = PBXTargetDependency;
			target = 84795B43285ACDA9006AA068 /* TrainningCourse */;
			targetProxy = 84795B65285ACDAA006AA068 /* PBXContainerItemProxy */;
		};
/* End PBXTargetDependency section */

/* Begin PBXVariantGroup section */
		84795B4D285ACDA9006AA068 /* Main.storyboard */ = {
			isa = PBXVariantGroup;
			children = (
				84795B4E285ACDA9006AA068 /* Base */,
			);
			name = Main.storyboard;
			sourceTree = "<group>";
		};
		84795B52285ACDAA006AA068 /* LaunchScreen.storyboard */ = {
			isa = PBXVariantGroup;
			children = (
				84795B53285ACDAA006AA068 /* Base */,
			);
			name = LaunchScreen.storyboard;
			sourceTree = "<group>";
		};
/* End PBXVariantGroup section */

/* Begin XCBuildConfiguration section */
		84795B6C285ACDAA006AA068 /* Debug */ = {
			isa = XCBuildConfiguration;
			buildSettings = {
				ALWAYS_SEARCH_USER_PATHS = NO;
				CLANG_ANALYZER_NONNULL = YES;
				CLANG_ANALYZER_NUMBER_OBJECT_CONVERSION = YES_AGGRESSIVE;
				CLANG_CXX_LANGUAGE_STANDARD = "gnu++17";
				CLANG_CXX_LIBRARY = "libc++";
				CLANG_ENABLE_MODULES = YES;
				CLANG_ENABLE_OBJC_ARC = YES;
				CLANG_ENABLE_OBJC_WEAK = YES;
				CLANG_WARN_BLOCK_CAPTURE_AUTORELEASING = YES;
				CLANG_WARN_BOOL_CONVERSION = YES;
				CLANG_WARN_COMMA = YES;
				CLANG_WARN_CONSTANT_CONVERSION = YES;
				CLANG_WARN_DEPRECATED_OBJC_IMPLEMENTATIONS = YES;
				CLANG_WARN_DIRECT_OBJC_ISA_USAGE = YES_ERROR;
				CLANG_WARN_DOCUMENTATION_COMMENTS = YES;
				CLANG_WARN_EMPTY_BODY = YES;
				CLANG_WARN_ENUM_CONVERSION = YES;
				CLANG_WARN_INFINITE_RECURSION = YES;
				CLANG_WARN_INT_CONVERSION = YES;
				CLANG_WARN_NON_LITERAL_NULL_CONVERSION = YES;
				CLANG_WARN_OBJC_IMPLICIT_RETAIN_SELF = YES;
				CLANG_WARN_OBJC_LITERAL_CONVERSION = YES;
				CLANG_WARN_OBJC_ROOT_CLASS = YES_ERROR;
				CLANG_WARN_QUOTED_INCLUDE_IN_FRAMEWORK_HEADER = YES;
				CLANG_WARN_RANGE_LOOP_ANALYSIS = YES;
				CLANG_WARN_STRICT_PROTOTYPES = YES;
				CLANG_WARN_SUSPICIOUS_MOVE = YES;
				CLANG_WARN_UNGUARDED_AVAILABILITY = YES_AGGRESSIVE;
				CLANG_WARN_UNREACHABLE_CODE = YES;
				CLANG_WARN__DUPLICATE_METHOD_MATCH = YES;
				COPY_PHASE_STRIP = NO;
				DEBUG_INFORMATION_FORMAT = dwarf;
				ENABLE_STRICT_OBJC_MSGSEND = YES;
				ENABLE_TESTABILITY = YES;
				GCC_C_LANGUAGE_STANDARD = gnu11;
				GCC_DYNAMIC_NO_PIC = NO;
				GCC_NO_COMMON_BLOCKS = YES;
				GCC_OPTIMIZATION_LEVEL = 0;
				GCC_PREPROCESSOR_DEFINITIONS = (
					"DEBUG=1",
					"$(inherited)",
				);
				GCC_WARN_64_TO_32_BIT_CONVERSION = YES;
				GCC_WARN_ABOUT_RETURN_TYPE = YES_ERROR;
				GCC_WARN_UNDECLARED_SELECTOR = YES;
				GCC_WARN_UNINITIALIZED_AUTOS = YES_AGGRESSIVE;
				GCC_WARN_UNUSED_FUNCTION = YES;
				GCC_WARN_UNUSED_VARIABLE = YES;
				IPHONEOS_DEPLOYMENT_TARGET = 15.0;
				MTL_ENABLE_DEBUG_INFO = INCLUDE_SOURCE;
				MTL_FAST_MATH = YES;
				ONLY_ACTIVE_ARCH = YES;
				SDKROOT = iphoneos;
				SWIFT_ACTIVE_COMPILATION_CONDITIONS = DEBUG;
				SWIFT_OPTIMIZATION_LEVEL = "-Onone";
			};
			name = Debug;
		};
		84795B6D285ACDAA006AA068 /* Release */ = {
			isa = XCBuildConfiguration;
			buildSettings = {
				ALWAYS_SEARCH_USER_PATHS = NO;
				CLANG_ANALYZER_NONNULL = YES;
				CLANG_ANALYZER_NUMBER_OBJECT_CONVERSION = YES_AGGRESSIVE;
				CLANG_CXX_LANGUAGE_STANDARD = "gnu++17";
				CLANG_CXX_LIBRARY = "libc++";
				CLANG_ENABLE_MODULES = YES;
				CLANG_ENABLE_OBJC_ARC = YES;
				CLANG_ENABLE_OBJC_WEAK = YES;
				CLANG_WARN_BLOCK_CAPTURE_AUTORELEASING = YES;
				CLANG_WARN_BOOL_CONVERSION = YES;
				CLANG_WARN_COMMA = YES;
				CLANG_WARN_CONSTANT_CONVERSION = YES;
				CLANG_WARN_DEPRECATED_OBJC_IMPLEMENTATIONS = YES;
				CLANG_WARN_DIRECT_OBJC_ISA_USAGE = YES_ERROR;
				CLANG_WARN_DOCUMENTATION_COMMENTS = YES;
				CLANG_WARN_EMPTY_BODY = YES;
				CLANG_WARN_ENUM_CONVERSION = YES;
				CLANG_WARN_INFINITE_RECURSION = YES;
				CLANG_WARN_INT_CONVERSION = YES;
				CLANG_WARN_NON_LITERAL_NULL_CONVERSION = YES;
				CLANG_WARN_OBJC_IMPLICIT_RETAIN_SELF = YES;
				CLANG_WARN_OBJC_LITERAL_CONVERSION = YES;
				CLANG_WARN_OBJC_ROOT_CLASS = YES_ERROR;
				CLANG_WARN_QUOTED_INCLUDE_IN_FRAMEWORK_HEADER = YES;
				CLANG_WARN_RANGE_LOOP_ANALYSIS = YES;
				CLANG_WARN_STRICT_PROTOTYPES = YES;
				CLANG_WARN_SUSPICIOUS_MOVE = YES;
				CLANG_WARN_UNGUARDED_AVAILABILITY = YES_AGGRESSIVE;
				CLANG_WARN_UNREACHABLE_CODE = YES;
				CLANG_WARN__DUPLICATE_METHOD_MATCH = YES;
				COPY_PHASE_STRIP = NO;
				DEBUG_INFORMATION_FORMAT = "dwarf-with-dsym";
				ENABLE_NS_ASSERTIONS = NO;
				ENABLE_STRICT_OBJC_MSGSEND = YES;
				GCC_C_LANGUAGE_STANDARD = gnu11;
				GCC_NO_COMMON_BLOCKS = YES;
				GCC_WARN_64_TO_32_BIT_CONVERSION = YES;
				GCC_WARN_ABOUT_RETURN_TYPE = YES_ERROR;
				GCC_WARN_UNDECLARED_SELECTOR = YES;
				GCC_WARN_UNINITIALIZED_AUTOS = YES_AGGRESSIVE;
				GCC_WARN_UNUSED_FUNCTION = YES;
				GCC_WARN_UNUSED_VARIABLE = YES;
				IPHONEOS_DEPLOYMENT_TARGET = 15.0;
				MTL_ENABLE_DEBUG_INFO = NO;
				MTL_FAST_MATH = YES;
				SDKROOT = iphoneos;
				SWIFT_COMPILATION_MODE = wholemodule;
				SWIFT_OPTIMIZATION_LEVEL = "-O";
				VALIDATE_PRODUCT = YES;
			};
			name = Release;
		};
		84795B6F285ACDAA006AA068 /* Debug */ = {
			isa = XCBuildConfiguration;
			baseConfigurationReference = 2AABC59D23ACD679FE94B1A2 /* Pods-TrainningCourse.debug.xcconfig */;
			buildSettings = {
				ASSETCATALOG_COMPILER_APPICON_NAME = AppIcon;
				ASSETCATALOG_COMPILER_GLOBAL_ACCENT_COLOR_NAME = AccentColor;
				CODE_SIGN_ENTITLEMENTS = TrainningCourse/TrainningCourse.entitlements;
				CODE_SIGN_STYLE = Automatic;
				CURRENT_PROJECT_VERSION = 1;
				GENERATE_INFOPLIST_FILE = YES;
				INFOPLIST_FILE = TrainningCourse/Info.plist;
				INFOPLIST_KEY_UIApplicationSupportsIndirectInputEvents = YES;
				INFOPLIST_KEY_UILaunchStoryboardName = LaunchScreen;
				INFOPLIST_KEY_UIMainStoryboardFile = Main;
				INFOPLIST_KEY_UISupportedInterfaceOrientations_iPad = "UIInterfaceOrientationPortrait UIInterfaceOrientationPortraitUpsideDown UIInterfaceOrientationLandscapeLeft UIInterfaceOrientationLandscapeRight";
				INFOPLIST_KEY_UISupportedInterfaceOrientations_iPhone = "UIInterfaceOrientationPortrait UIInterfaceOrientationLandscapeLeft UIInterfaceOrientationLandscapeRight";
				IPHONEOS_DEPLOYMENT_TARGET = 15.5;
				LD_RUNPATH_SEARCH_PATHS = (
					"$(inherited)",
					"@executable_path/Frameworks",
				);
				MARKETING_VERSION = 1.0;
				PRODUCT_BUNDLE_IDENTIFIER = tu.TrainningCourse;
				PRODUCT_NAME = "$(TARGET_NAME)";
				SWIFT_EMIT_LOC_STRINGS = YES;
				SWIFT_VERSION = 5.0;
				TARGETED_DEVICE_FAMILY = "1,2";
			};
			name = Debug;
		};
		84795B70285ACDAA006AA068 /* Release */ = {
			isa = XCBuildConfiguration;
			baseConfigurationReference = CA1E5F41AB5DA936702120AF /* Pods-TrainningCourse.release.xcconfig */;
			buildSettings = {
				ASSETCATALOG_COMPILER_APPICON_NAME = AppIcon;
				ASSETCATALOG_COMPILER_GLOBAL_ACCENT_COLOR_NAME = AccentColor;
				CODE_SIGN_ENTITLEMENTS = TrainningCourse/TrainningCourse.entitlements;
				CODE_SIGN_STYLE = Automatic;
				CURRENT_PROJECT_VERSION = 1;
				GENERATE_INFOPLIST_FILE = YES;
				INFOPLIST_FILE = TrainningCourse/Info.plist;
				INFOPLIST_KEY_UIApplicationSupportsIndirectInputEvents = YES;
				INFOPLIST_KEY_UILaunchStoryboardName = LaunchScreen;
				INFOPLIST_KEY_UIMainStoryboardFile = Main;
				INFOPLIST_KEY_UISupportedInterfaceOrientations_iPad = "UIInterfaceOrientationPortrait UIInterfaceOrientationPortraitUpsideDown UIInterfaceOrientationLandscapeLeft UIInterfaceOrientationLandscapeRight";
				INFOPLIST_KEY_UISupportedInterfaceOrientations_iPhone = "UIInterfaceOrientationPortrait UIInterfaceOrientationLandscapeLeft UIInterfaceOrientationLandscapeRight";
				IPHONEOS_DEPLOYMENT_TARGET = 15.5;
				LD_RUNPATH_SEARCH_PATHS = (
					"$(inherited)",
					"@executable_path/Frameworks",
				);
				MARKETING_VERSION = 1.0;
				PRODUCT_BUNDLE_IDENTIFIER = tu.TrainningCourse;
				PRODUCT_NAME = "$(TARGET_NAME)";
				SWIFT_EMIT_LOC_STRINGS = YES;
				SWIFT_VERSION = 5.0;
				TARGETED_DEVICE_FAMILY = "1,2";
			};
			name = Release;
		};
		84795B72285ACDAA006AA068 /* Debug */ = {
			isa = XCBuildConfiguration;
			baseConfigurationReference = 65B28BF00781BD45F1D7DCD7 /* Pods-TrainningCourseTests.debug.xcconfig */;
			buildSettings = {
				ALWAYS_EMBED_SWIFT_STANDARD_LIBRARIES = YES;
				BUNDLE_LOADER = "$(TEST_HOST)";
				CODE_SIGN_STYLE = Automatic;
				CURRENT_PROJECT_VERSION = 1;
				GENERATE_INFOPLIST_FILE = YES;
				IPHONEOS_DEPLOYMENT_TARGET = 15.0;
				LD_RUNPATH_SEARCH_PATHS = (
					"$(inherited)",
					"@executable_path/Frameworks",
					"@loader_path/Frameworks",
				);
				MARKETING_VERSION = 1.0;
				PRODUCT_BUNDLE_IDENTIFIER = tu.TrainningCourseTests;
				PRODUCT_NAME = "$(TARGET_NAME)";
				SWIFT_EMIT_LOC_STRINGS = NO;
				SWIFT_VERSION = 5.0;
				TARGETED_DEVICE_FAMILY = "1,2";
				TEST_HOST = "$(BUILT_PRODUCTS_DIR)/TrainningCourse.app/TrainningCourse";
			};
			name = Debug;
		};
		84795B73285ACDAA006AA068 /* Release */ = {
			isa = XCBuildConfiguration;
			baseConfigurationReference = 11DA323A0D1A6BBE57E4B223 /* Pods-TrainningCourseTests.release.xcconfig */;
			buildSettings = {
				ALWAYS_EMBED_SWIFT_STANDARD_LIBRARIES = YES;
				BUNDLE_LOADER = "$(TEST_HOST)";
				CODE_SIGN_STYLE = Automatic;
				CURRENT_PROJECT_VERSION = 1;
				GENERATE_INFOPLIST_FILE = YES;
				IPHONEOS_DEPLOYMENT_TARGET = 15.0;
				LD_RUNPATH_SEARCH_PATHS = (
					"$(inherited)",
					"@executable_path/Frameworks",
					"@loader_path/Frameworks",
				);
				MARKETING_VERSION = 1.0;
				PRODUCT_BUNDLE_IDENTIFIER = tu.TrainningCourseTests;
				PRODUCT_NAME = "$(TARGET_NAME)";
				SWIFT_EMIT_LOC_STRINGS = NO;
				SWIFT_VERSION = 5.0;
				TARGETED_DEVICE_FAMILY = "1,2";
				TEST_HOST = "$(BUILT_PRODUCTS_DIR)/TrainningCourse.app/TrainningCourse";
			};
			name = Release;
		};
		84795B75285ACDAA006AA068 /* Debug */ = {
			isa = XCBuildConfiguration;
			baseConfigurationReference = 6723BB9B5489995FD605AF27 /* Pods-TrainningCourse-TrainningCourseUITests.debug.xcconfig */;
			buildSettings = {
				ALWAYS_EMBED_SWIFT_STANDARD_LIBRARIES = YES;
				CODE_SIGN_STYLE = Automatic;
				CURRENT_PROJECT_VERSION = 1;
				GENERATE_INFOPLIST_FILE = YES;
				LD_RUNPATH_SEARCH_PATHS = (
					"$(inherited)",
					"@executable_path/Frameworks",
					"@loader_path/Frameworks",
				);
				MARKETING_VERSION = 1.0;
				PRODUCT_BUNDLE_IDENTIFIER = tu.TrainningCourseUITests;
				PRODUCT_NAME = "$(TARGET_NAME)";
				SWIFT_EMIT_LOC_STRINGS = NO;
				SWIFT_VERSION = 5.0;
				TARGETED_DEVICE_FAMILY = "1,2";
				TEST_TARGET_NAME = TrainningCourse;
			};
			name = Debug;
		};
		84795B76285ACDAA006AA068 /* Release */ = {
			isa = XCBuildConfiguration;
			baseConfigurationReference = 26173C5073613628355E1CBC /* Pods-TrainningCourse-TrainningCourseUITests.release.xcconfig */;
			buildSettings = {
				ALWAYS_EMBED_SWIFT_STANDARD_LIBRARIES = YES;
				CODE_SIGN_STYLE = Automatic;
				CURRENT_PROJECT_VERSION = 1;
				GENERATE_INFOPLIST_FILE = YES;
				LD_RUNPATH_SEARCH_PATHS = (
					"$(inherited)",
					"@executable_path/Frameworks",
					"@loader_path/Frameworks",
				);
				MARKETING_VERSION = 1.0;
				PRODUCT_BUNDLE_IDENTIFIER = tu.TrainningCourseUITests;
				PRODUCT_NAME = "$(TARGET_NAME)";
				SWIFT_EMIT_LOC_STRINGS = NO;
				SWIFT_VERSION = 5.0;
				TARGETED_DEVICE_FAMILY = "1,2";
				TEST_TARGET_NAME = TrainningCourse;
			};
			name = Release;
		};
/* End XCBuildConfiguration section */

/* Begin XCConfigurationList section */
		84795B3F285ACDA9006AA068 /* Build configuration list for PBXProject "TrainningCourse" */ = {
			isa = XCConfigurationList;
			buildConfigurations = (
				84795B6C285ACDAA006AA068 /* Debug */,
				84795B6D285ACDAA006AA068 /* Release */,
			);
			defaultConfigurationIsVisible = 0;
			defaultConfigurationName = Release;
		};
		84795B6E285ACDAA006AA068 /* Build configuration list for PBXNativeTarget "TrainningCourse" */ = {
			isa = XCConfigurationList;
			buildConfigurations = (
				84795B6F285ACDAA006AA068 /* Debug */,
				84795B70285ACDAA006AA068 /* Release */,
			);
			defaultConfigurationIsVisible = 0;
			defaultConfigurationName = Release;
		};
		84795B71285ACDAA006AA068 /* Build configuration list for PBXNativeTarget "TrainningCourseTests" */ = {
			isa = XCConfigurationList;
			buildConfigurations = (
				84795B72285ACDAA006AA068 /* Debug */,
				84795B73285ACDAA006AA068 /* Release */,
			);
			defaultConfigurationIsVisible = 0;
			defaultConfigurationName = Release;
		};
		84795B74285ACDAA006AA068 /* Build configuration list for PBXNativeTarget "TrainningCourseUITests" */ = {
			isa = XCConfigurationList;
			buildConfigurations = (
				84795B75285ACDAA006AA068 /* Debug */,
				84795B76285ACDAA006AA068 /* Release */,
			);
			defaultConfigurationIsVisible = 0;
			defaultConfigurationName = Release;
		};
/* End XCConfigurationList section */

/* Begin XCRemoteSwiftPackageReference section */
		DA3FF93D2869BA46005FD717 /* XCRemoteSwiftPackageReference "MultiSlider" */ = {
			isa = XCRemoteSwiftPackageReference;
			repositoryURL = "https://github.com/yonat/MultiSlider";
			requirement = {
				kind = upToNextMajorVersion;
				minimumVersion = 1.12.2;
			};
		};
/* End XCRemoteSwiftPackageReference section */

/* Begin XCSwiftPackageProductDependency section */
		DA3FF93E2869BA46005FD717 /* MultiSlider */ = {
			isa = XCSwiftPackageProductDependency;
			package = DA3FF93D2869BA46005FD717 /* XCRemoteSwiftPackageReference "MultiSlider" */;
			productName = MultiSlider;
		};
/* End XCSwiftPackageProductDependency section */
	};
	rootObject = 84795B3C285ACDA9006AA068 /* Project object */;
}
